
Microsoft Visual Studio Solution File, Format Version 12.00
# Visual Studio Version 17
VisualStudioVersion = 17.7.34221.43
MinimumVisualStudioVersion = 10.0.40219.1
Project("{FAE04EC0-301F-11D3-BF4B-00C04F79EFBC}") = "EasySave", "EasySave\EasySave.csproj", "{C0934562-72C8-43E0-B267-3F872AF744A3}"
EndProject
Global
	GlobalSection(SolutionConfigurationPlatforms) = preSolution
		Debug|Any CPU = Debug|Any CPU
		Release|Any CPU = Release|Any CPU
	EndGlobalSection
	GlobalSection(ProjectConfigurationPlatforms) = postSolution
		{C0934562-72C8-43E0-B267-3F872AF744A3}.Debug|Any CPU.ActiveCfg = Debug|Any CPU
		{C0934562-72C8-43E0-B267-3F872AF744A3}.Debug|Any CPU.Build.0 = Debug|Any CPU
		{C0934562-72C8-43E0-B267-3F872AF744A3}.Release|Any CPU.ActiveCfg = Release|Any CPU
		{C0934562-72C8-43E0-B267-3F872AF744A3}.Release|Any CPU.Build.0 = Release|Any CPU
	EndGlobalSection
	GlobalSection(SolutionProperties) = preSolution
		HideSolutionNode = FALSE
	EndGlobalSection
	GlobalSection(ExtensibilityGlobals) = postSolution
		SolutionGuid = {A1B035A6-2C73-4399-B039-19CBB25472CC}
	EndGlobalSection
EndGlobal
